
Microsoft Visual Studio Solution File, Format Version 12.00
# Visual Studio 2015
Project("{FAE04EC0-301F-11D3-BF4B-00C04F79EFBC}") = "Transference.CSharp", "Transference.CSharp.csproj", "{F22C9EC9-C3CA-8CCC-0162-927EFBDE590D}"
EndProject
Global
	GlobalSection(SolutionConfigurationPlatforms) = preSolution
		Debug|Any CPU = Debug|Any CPU
		Release|Any CPU = Release|Any CPU
	EndGlobalSection
	GlobalSection(ProjectConfigurationPlatforms) = postSolution
		{F22C9EC9-C3CA-8CCC-0162-927EFBDE590D}.Debug|Any CPU.ActiveCfg = Debug|Any CPU
		{F22C9EC9-C3CA-8CCC-0162-927EFBDE590D}.Debug|Any CPU.Build.0 = Debug|Any CPU
		{F22C9EC9-C3CA-8CCC-0162-927EFBDE590D}.Release|Any CPU.ActiveCfg = Release|Any CPU
		{F22C9EC9-C3CA-8CCC-0162-927EFBDE590D}.Release|Any CPU.Build.0 = Release|Any CPU
	EndGlobalSection
	GlobalSection(SolutionProperties) = preSolution
		HideSolutionNode = FALSE
	EndGlobalSection
EndGlobal
